
Microsoft Visual Studio Solution File, Format Version 12.00
# Visual Studio Version 17
VisualStudioVersion = 17.0.31903.59
MinimumVisualStudioVersion = 10.0.40219.1
Project("{2150E333-8FDC-42A3-9474-1A3956D46DE8}") = "src", "src", "{F7969932-74E5-4CBD-8F11-756FF28202E6}"
EndProject
Project("{FAE04EC0-301F-11D3-BF4B-00C04F79EFBC}") = "AuctionService", "src\AuctionService\AuctionService.csproj", "{89129542-77A1-4470-8EA0-F5F3DB7DFA8D}"
EndProject
Project("{FAE04EC0-301F-11D3-BF4B-00C04F79EFBC}") = "SearchService", "src\SearchService\SearchService.csproj", "{504A3DED-15B1-4E5B-898D-1F6F6607E144}"
EndProject
Project("{FAE04EC0-301F-11D3-BF4B-00C04F79EFBC}") = "Contracts", "src\Contracts\Contracts.csproj", "{8556B06B-BC68-4C8B-A36A-50A1D0B61FE6}"
EndProject
Project("{FAE04EC0-301F-11D3-BF4B-00C04F79EFBC}") = "IdentityService", "src\IdentityService\IdentityService.csproj", "{2A02CADB-CD04-497D-9260-78E496D1345A}"
EndProject
Project("{FAE04EC0-301F-11D3-BF4B-00C04F79EFBC}") = "GatewayService", "src\GatewayService\GatewayService.csproj", "{8B3C867B-3EB3-41C1-B171-A15A6161863A}"
EndProject
Project("{FAE04EC0-301F-11D3-BF4B-00C04F79EFBC}") = "BiddingService", "src\BiddingService\BiddingService.csproj", "{9091F7DB-4B6F-4249-B53C-EA29B7AC67E4}"
EndProject
Global
	GlobalSection(SolutionConfigurationPlatforms) = preSolution
		Debug|Any CPU = Debug|Any CPU
		Release|Any CPU = Release|Any CPU
	EndGlobalSection
	GlobalSection(SolutionProperties) = preSolution
		HideSolutionNode = FALSE
	EndGlobalSection
	GlobalSection(ProjectConfigurationPlatforms) = postSolution
		{89129542-77A1-4470-8EA0-F5F3DB7DFA8D}.Debug|Any CPU.ActiveCfg = Debug|Any CPU
		{89129542-77A1-4470-8EA0-F5F3DB7DFA8D}.Debug|Any CPU.Build.0 = Debug|Any CPU
		{89129542-77A1-4470-8EA0-F5F3DB7DFA8D}.Release|Any CPU.ActiveCfg = Release|Any CPU
		{89129542-77A1-4470-8EA0-F5F3DB7DFA8D}.Release|Any CPU.Build.0 = Release|Any CPU
		{504A3DED-15B1-4E5B-898D-1F6F6607E144}.Debug|Any CPU.ActiveCfg = Debug|Any CPU
		{504A3DED-15B1-4E5B-898D-1F6F6607E144}.Debug|Any CPU.Build.0 = Debug|Any CPU
		{504A3DED-15B1-4E5B-898D-1F6F6607E144}.Release|Any CPU.ActiveCfg = Release|Any CPU
		{504A3DED-15B1-4E5B-898D-1F6F6607E144}.Release|Any CPU.Build.0 = Release|Any CPU
		{8556B06B-BC68-4C8B-A36A-50A1D0B61FE6}.Debug|Any CPU.ActiveCfg = Debug|Any CPU
		{8556B06B-BC68-4C8B-A36A-50A1D0B61FE6}.Debug|Any CPU.Build.0 = Debug|Any CPU
		{8556B06B-BC68-4C8B-A36A-50A1D0B61FE6}.Release|Any CPU.ActiveCfg = Release|Any CPU
		{8556B06B-BC68-4C8B-A36A-50A1D0B61FE6}.Release|Any CPU.Build.0 = Release|Any CPU
		{2A02CADB-CD04-497D-9260-78E496D1345A}.Debug|Any CPU.ActiveCfg = Debug|Any CPU
		{2A02CADB-CD04-497D-9260-78E496D1345A}.Debug|Any CPU.Build.0 = Debug|Any CPU
		{2A02CADB-CD04-497D-9260-78E496D1345A}.Release|Any CPU.ActiveCfg = Release|Any CPU
		{2A02CADB-CD04-497D-9260-78E496D1345A}.Release|Any CPU.Build.0 = Release|Any CPU
		{8B3C867B-3EB3-41C1-B171-A15A6161863A}.Debug|Any CPU.ActiveCfg = Debug|Any CPU
		{8B3C867B-3EB3-41C1-B171-A15A6161863A}.Debug|Any CPU.Build.0 = Debug|Any CPU
		{8B3C867B-3EB3-41C1-B171-A15A6161863A}.Release|Any CPU.ActiveCfg = Release|Any CPU
		{8B3C867B-3EB3-41C1-B171-A15A6161863A}.Release|Any CPU.Build.0 = Release|Any CPU
		{9091F7DB-4B6F-4249-B53C-EA29B7AC67E4}.Debug|Any CPU.ActiveCfg = Debug|Any CPU
		{9091F7DB-4B6F-4249-B53C-EA29B7AC67E4}.Debug|Any CPU.Build.0 = Debug|Any CPU
		{9091F7DB-4B6F-4249-B53C-EA29B7AC67E4}.Release|Any CPU.ActiveCfg = Release|Any CPU
		{9091F7DB-4B6F-4249-B53C-EA29B7AC67E4}.Release|Any CPU.Build.0 = Release|Any CPU
	EndGlobalSection
	GlobalSection(NestedProjects) = preSolution
		{89129542-77A1-4470-8EA0-F5F3DB7DFA8D} = {F7969932-74E5-4CBD-8F11-756FF28202E6}
		{504A3DED-15B1-4E5B-898D-1F6F6607E144} = {F7969932-74E5-4CBD-8F11-756FF28202E6}
		{8556B06B-BC68-4C8B-A36A-50A1D0B61FE6} = {F7969932-74E5-4CBD-8F11-756FF28202E6}
		{2A02CADB-CD04-497D-9260-78E496D1345A} = {F7969932-74E5-4CBD-8F11-756FF28202E6}
		{8B3C867B-3EB3-41C1-B171-A15A6161863A} = {F7969932-74E5-4CBD-8F11-756FF28202E6}
		{9091F7DB-4B6F-4249-B53C-EA29B7AC67E4} = {F7969932-74E5-4CBD-8F11-756FF28202E6}
	EndGlobalSection
EndGlobal
